// !$*UTF8*$!
{
	archiveVersion = 1;
	classes = {
	};
	objectVersion = 50;
	objects = {

/* Begin PBXBuildFile section */
		B88ECEA021865C20007999DC /* AppDelegate.swift in Sources */ = {isa = PBXBuildFile; fileRef = B88ECE9F21865C20007999DC /* AppDelegate.swift */; };
		B88ECEA221865C20007999DC /* ViewController.swift in Sources */ = {isa = PBXBuildFile; fileRef = B88ECEA121865C20007999DC /* ViewController.swift */; };
		B88ECEA521865C20007999DC /* Main.storyboard in Resources */ = {isa = PBXBuildFile; fileRef = B88ECEA321865C20007999DC /* Main.storyboard */; };
		B88ECEA721865C20007999DC /* Assets.xcassets in Resources */ = {isa = PBXBuildFile; fileRef = B88ECEA621865C20007999DC /* Assets.xcassets */; };
		B88ECEAA21865C20007999DC /* LaunchScreen.storyboard in Resources */ = {isa = PBXBuildFile; fileRef = B88ECEA821865C20007999DC /* LaunchScreen.storyboard */; };
		B88ECEB521865C20007999DC /* iQuizTests.swift in Sources */ = {isa = PBXBuildFile; fileRef = B88ECEB421865C20007999DC /* iQuizTests.swift */; };
		B88ECEC021865C20007999DC /* iQuizUITests.swift in Sources */ = {isa = PBXBuildFile; fileRef = B88ECEBF21865C20007999DC /* iQuizUITests.swift */; };
		B88ECECE2186A053007999DC /* QuizCell.swift in Sources */ = {isa = PBXBuildFile; fileRef = B88ECECD2186A053007999DC /* QuizCell.swift */; };
		B88ECED02186C8BD007999DC /* Quiz.swift in Sources */ = {isa = PBXBuildFile; fileRef = B88ECECF2186C8BD007999DC /* Quiz.swift */; };
/* End PBXBuildFile section */

/* Begin PBXContainerItemProxy section */
		B88ECEB121865C20007999DC /* PBXContainerItemProxy */ = {
			isa = PBXContainerItemProxy;
			containerPortal = B88ECE9421865C1F007999DC /* Project object */;
			proxyType = 1;
			remoteGlobalIDString = B88ECE9B21865C1F007999DC;
			remoteInfo = iQuiz;
		};
		B88ECEBC21865C20007999DC /* PBXContainerItemProxy */ = {
			isa = PBXContainerItemProxy;
			containerPortal = B88ECE9421865C1F007999DC /* Project object */;
			proxyType = 1;
			remoteGlobalIDString = B88ECE9B21865C1F007999DC;
			remoteInfo = iQuiz;
		};
/* End PBXContainerItemProxy section */

/* Begin PBXFileReference section */
		B88ECE9C21865C20007999DC /* iQuiz.app */ = {isa = PBXFileReference; explicitFileType = wrapper.application; includeInIndex = 0; path = iQuiz.app; sourceTree = BUILT_PRODUCTS_DIR; };
		B88ECE9F21865C20007999DC /* AppDelegate.swift */ = {isa = PBXFileReference; lastKnownFileType = sourcecode.swift; path = AppDelegate.swift; sourceTree = "<group>"; };
		B88ECEA121865C20007999DC /* ViewController.swift */ = {isa = PBXFileReference; lastKnownFileType = sourcecode.swift; path = ViewController.swift; sourceTree = "<group>"; };
		B88ECEA421865C20007999DC /* Base */ = {isa = PBXFileReference; lastKnownFileType = file.storyboard; name = Base; path = Base.lproj/Main.storyboard; sourceTree = "<group>"; };
		B88ECEA621865C20007999DC /* Assets.xcassets */ = {isa = PBXFileReference; lastKnownFileType = folder.assetcatalog; path = Assets.xcassets; sourceTree = "<group>"; };
		B88ECEA921865C20007999DC /* Base */ = {isa = PBXFileReference; lastKnownFileType = file.storyboard; name = Base; path = Base.lproj/LaunchScreen.storyboard; sourceTree = "<group>"; };
		B88ECEAB21865C20007999DC /* Info.plist */ = {isa = PBXFileReference; lastKnownFileType = text.plist.xml; path = Info.plist; sourceTree = "<group>"; };
		B88ECEB021865C20007999DC /* iQuizTests.xctest */ = {isa = PBXFileReference; explicitFileType = wrapper.cfbundle; includeInIndex = 0; path = iQuizTests.xctest; sourceTree = BUILT_PRODUCTS_DIR; };
		B88ECEB421865C20007999DC /* iQuizTests.swift */ = {isa = PBXFileReference; lastKnownFileType = sourcecode.swift; path = iQuizTests.swift; sourceTree = "<group>"; };
		B88ECEB621865C20007999DC /* Info.plist */ = {isa = PBXFileReference; lastKnownFileType = text.plist.xml; path = Info.plist; sourceTree = "<group>"; };
		B88ECEBB21865C20007999DC /* iQuizUITests.xctest */ = {isa = PBXFileReference; explicitFileType = wrapper.cfbundle; includeInIndex = 0; path = iQuizUITests.xctest; sourceTree = BUILT_PRODUCTS_DIR; };
		B88ECEBF21865C20007999DC /* iQuizUITests.swift */ = {isa = PBXFileReference; lastKnownFileType = sourcecode.swift; path = iQuizUITests.swift; sourceTree = "<group>"; };
		B88ECEC121865C20007999DC /* Info.plist */ = {isa = PBXFileReference; lastKnownFileType = text.plist.xml; path = Info.plist; sourceTree = "<group>"; };
		B88ECECD2186A053007999DC /* QuizCell.swift */ = {isa = PBXFileReference; lastKnownFileType = sourcecode.swift; path = QuizCell.swift; sourceTree = "<group>"; };
		B88ECECF2186C8BD007999DC /* Quiz.swift */ = {isa = PBXFileReference; lastKnownFileType = sourcecode.swift; path = Quiz.swift; sourceTree = "<group>"; };
/* End PBXFileReference section */

/* Begin PBXFrameworksBuildPhase section */
		B88ECE9921865C1F007999DC /* Frameworks */ = {
			isa = PBXFrameworksBuildPhase;
			buildActionMask = 2147483647;
			files = (
			);
			runOnlyForDeploymentPostprocessing = 0;
		};
		B88ECEAD21865C20007999DC /* Frameworks */ = {
			isa = PBXFrameworksBuildPhase;
			buildActionMask = 2147483647;
			files = (
			);
			runOnlyForDeploymentPostprocessing = 0;
		};
		B88ECEB821865C20007999DC /* Frameworks */ = {
			isa = PBXFrameworksBuildPhase;
			buildActionMask = 2147483647;
			files = (
			);
			runOnlyForDeploymentPostprocessing = 0;
		};
/* End PBXFrameworksBuildPhase section */

/* Begin PBXGroup section */
		B88ECE9321865C1F007999DC = {
			isa = PBXGroup;
			children = (
				B88ECE9E21865C20007999DC /* iQuiz */,
				B88ECEB321865C20007999DC /* iQuizTests */,
				B88ECEBE21865C20007999DC /* iQuizUITests */,
				B88ECE9D21865C20007999DC /* Products */,
			);
			sourceTree = "<group>";
		};
		B88ECE9D21865C20007999DC /* Products */ = {
			isa = PBXGroup;
			children = (
				B88ECE9C21865C20007999DC /* iQuiz.app */,
				B88ECEB021865C20007999DC /* iQuizTests.xctest */,
				B88ECEBB21865C20007999DC /* iQuizUITests.xctest */,
			);
			name = Products;
			sourceTree = "<group>";
		};
		B88ECE9E21865C20007999DC /* iQuiz */ = {
			isa = PBXGroup;
			children = (
				B88ECE9F21865C20007999DC /* AppDelegate.swift */,
				B88ECEA121865C20007999DC /* ViewController.swift */,
				B88ECECD2186A053007999DC /* QuizCell.swift */,
				B88ECECF2186C8BD007999DC /* Quiz.swift */,
				B88ECEA321865C20007999DC /* Main.storyboard */,
				B88ECEA621865C20007999DC /* Assets.xcassets */,
				B88ECEA821865C20007999DC /* LaunchScreen.storyboard */,
				B88ECEAB21865C20007999DC /* Info.plist */,
			);
			path = iQuiz;
			sourceTree = "<group>";
		};
		B88ECEB321865C20007999DC /* iQuizTests */ = {
			isa = PBXGroup;
			children = (
				B88ECEB421865C20007999DC /* iQuizTests.swift */,
				B88ECEB621865C20007999DC /* Info.plist */,
			);
			path = iQuizTests;
			sourceTree = "<group>";
		};
		B88ECEBE21865C20007999DC /* iQuizUITests */ = {
			isa = PBXGroup;
			children = (
				B88ECEBF21865C20007999DC /* iQuizUITests.swift */,
				B88ECEC121865C20007999DC /* Info.plist */,
			);
			path = iQuizUITests;
			sourceTree = "<group>";
		};
/* End PBXGroup section */

/* Begin PBXNativeTarget section */
		B88ECE9B21865C1F007999DC /* iQuiz */ = {
			isa = PBXNativeTarget;
			buildConfigurationList = B88ECEC421865C20007999DC /* Build configuration list for PBXNativeTarget "iQuiz" */;
			buildPhases = (
				B88ECE9821865C1F007999DC /* Sources */,
				B88ECE9921865C1F007999DC /* Frameworks */,
				B88ECE9A21865C1F007999DC /* Resources */,
			);
			buildRules = (
			);
			dependencies = (
			);
			name = iQuiz;
			productName = iQuiz;
			productReference = B88ECE9C21865C20007999DC /* iQuiz.app */;
			productType = "com.apple.product-type.application";
		};
		B88ECEAF21865C20007999DC /* iQuizTests */ = {
			isa = PBXNativeTarget;
			buildConfigurationList = B88ECEC721865C20007999DC /* Build configuration list for PBXNativeTarget "iQuizTests" */;
			buildPhases = (
				B88ECEAC21865C20007999DC /* Sources */,
				B88ECEAD21865C20007999DC /* Frameworks */,
				B88ECEAE21865C20007999DC /* Resources */,
			);
			buildRules = (
			);
			dependencies = (
				B88ECEB221865C20007999DC /* PBXTargetDependency */,
			);
			name = iQuizTests;
			productName = iQuizTests;
			productReference = B88ECEB021865C20007999DC /* iQuizTests.xctest */;
			productType = "com.apple.product-type.bundle.unit-test";
		};
		B88ECEBA21865C20007999DC /* iQuizUITests */ = {
			isa = PBXNativeTarget;
			buildConfigurationList = B88ECECA21865C20007999DC /* Build configuration list for PBXNativeTarget "iQuizUITests" */;
			buildPhases = (
				B88ECEB721865C20007999DC /* Sources */,
				B88ECEB821865C20007999DC /* Frameworks */,
				B88ECEB921865C20007999DC /* Resources */,
			);
			buildRules = (
			);
			dependencies = (
				B88ECEBD21865C20007999DC /* PBXTargetDependency */,
			);
			name = iQuizUITests;
			productName = iQuizUITests;
			productReference = B88ECEBB21865C20007999DC /* iQuizUITests.xctest */;
			productType = "com.apple.product-type.bundle.ui-testing";
		};
/* End PBXNativeTarget section */

/* Begin PBXProject section */
		B88ECE9421865C1F007999DC /* Project object */ = {
			isa = PBXProject;
			attributes = {
				LastSwiftUpdateCheck = 1000;
				LastUpgradeCheck = 1000;
				ORGANIZATIONNAME = "Tejveer Rai";
				TargetAttributes = {
					B88ECE9B21865C1F007999DC = {
						CreatedOnToolsVersion = 10.0;
					};
					B88ECEAF21865C20007999DC = {
						CreatedOnToolsVersion = 10.0;
						TestTargetID = B88ECE9B21865C1F007999DC;
					};
					B88ECEBA21865C20007999DC = {
						CreatedOnToolsVersion = 10.0;
						TestTargetID = B88ECE9B21865C1F007999DC;
					};
				};
			};
			buildConfigurationList = B88ECE9721865C1F007999DC /* Build configuration list for PBXProject "iQuiz" */;
			compatibilityVersion = "Xcode 9.3";
			developmentRegion = en;
			hasScannedForEncodings = 0;
			knownRegions = (
				en,
				Base,
			);
			mainGroup = B88ECE9321865C1F007999DC;
			productRefGroup = B88ECE9D21865C20007999DC /* Products */;
			projectDirPath = "";
			projectRoot = "";
			targets = (
				B88ECE9B21865C1F007999DC /* iQuiz */,
				B88ECEAF21865C20007999DC /* iQuizTests */,
				B88ECEBA21865C20007999DC /* iQuizUITests */,
			);
		};
/* End PBXProject section */

/* Begin PBXResourcesBuildPhase section */
		B88ECE9A21865C1F007999DC /* Resources */ = {
			isa = PBXResourcesBuildPhase;
			buildActionMask = 2147483647;
			files = (
				B88ECEAA21865C20007999DC /* LaunchScreen.storyboard in Resources */,
				B88ECEA721865C20007999DC /* Assets.xcassets in Resources */,
				B88ECEA521865C20007999DC /* Main.storyboard in Resources */,
			);
			runOnlyForDeploymentPostprocessing = 0;
		};
		B88ECEAE21865C20007999DC /* Resources */ = {
			isa = PBXResourcesBuildPhase;
			buildActionMask = 2147483647;
			files = (
			);
			runOnlyForDeploymentPostprocessing = 0;
		};
		B88ECEB921865C20007999DC /* Resources */ = {
			isa = PBXResourcesBuildPhase;
			buildActionMask = 2147483647;
			files = (
			);
			runOnlyForDeploymentPostprocessing = 0;
		};
/* End PBXResourcesBuildPhase section */

/* Begin PBXSourcesBuildPhase section */
		B88ECE9821865C1F007999DC /* Sources */ = {
			isa = PBXSourcesBuildPhase;
			buildActionMask = 2147483647;
			files = (
				B88ECECE2186A053007999DC /* QuizCell.swift in Sources */,
				B88ECEA221865C20007999DC /* ViewController.swift in Sources */,
				B88ECED02186C8BD007999DC /* Quiz.swift in Sources */,
				B88ECEA021865C20007999DC /* AppDelegate.swift in Sources */,
			);
			runOnlyForDeploymentPostprocessing = 0;
		};
		B88ECEAC21865C20007999DC /* Sources */ = {
			isa = PBXSourcesBuildPhase;
			buildActionMask = 2147483647;
			files = (
				B88ECEB521865C20007999DC /* iQuizTests.swift in Sources */,
			);
			runOnlyForDeploymentPostprocessing = 0;
		};
		B88ECEB721865C20007999DC /* Sources */ = {
			isa = PBXSourcesBuildPhase;
			buildActionMask = 2147483647;
			files = (
				B88ECEC021865C20007999DC /* iQuizUITests.swift in Sources */,
			);
			runOnlyForDeploymentPostprocessing = 0;
		};
/* End PBXSourcesBuildPhase section */

/* Begin PBXTargetDependency section */
		B88ECEB221865C20007999DC /* PBXTargetDependency */ = {
			isa = PBXTargetDependency;
			target = B88ECE9B21865C1F007999DC /* iQuiz */;
			targetProxy = B88ECEB121865C20007999DC /* PBXContainerItemProxy */;
		};
		B88ECEBD21865C20007999DC /* PBXTargetDependency */ = {
			isa = PBXTargetDependency;
			target = B88ECE9B21865C1F007999DC /* iQuiz */;
			targetProxy = B88ECEBC21865C20007999DC /* PBXContainerItemProxy */;
		};
/* End PBXTargetDependency section */

/* Begin PBXVariantGroup section */
		B88ECEA321865C20007999DC /* Main.storyboard */ = {
			isa = PBXVariantGroup;
			children = (
				B88ECEA421865C20007999DC /* Base */,
			);
			name = Main.storyboard;
			sourceTree = "<group>";
		};
		B88ECEA821865C20007999DC /* LaunchScreen.storyboard */ = {
			isa = PBXVariantGroup;
			children = (
				B88ECEA921865C20007999DC /* Base */,
			);
			name = LaunchScreen.storyboard;
			sourceTree = "<group>";
		};
/* End PBXVariantGroup section */

/* Begin XCBuildConfiguration section */
		B88ECEC221865C20007999DC /* Debug */ = {
			isa = XCBuildConfiguration;
			buildSettings = {
				ALWAYS_SEARCH_USER_PATHS = NO;
				CLANG_ANALYZER_NONNULL = YES;
				CLANG_ANALYZER_NUMBER_OBJECT_CONVERSION = YES_AGGRESSIVE;
				CLANG_CXX_LANGUAGE_STANDARD = "gnu++14";
				CLANG_CXX_LIBRARY = "libc++";
				CLANG_ENABLE_MODULES = YES;
				CLANG_ENABLE_OBJC_ARC = YES;
				CLANG_ENABLE_OBJC_WEAK = YES;
				CLANG_WARN_BLOCK_CAPTURE_AUTORELEASING = YES;
				CLANG_WARN_BOOL_CONVERSION = YES;
				CLANG_WARN_COMMA = YES;
				CLANG_WARN_CONSTANT_CONVERSION = YES;
				CLANG_WARN_DEPRECATED_OBJC_IMPLEMENTATIONS = YES;
				CLANG_WARN_DIRECT_OBJC_ISA_USAGE = YES_ERROR;
				CLANG_WARN_DOCUMENTATION_COMMENTS = YES;
				CLANG_WARN_EMPTY_BODY = YES;
				CLANG_WARN_ENUM_CONVERSION = YES;
				CLANG_WARN_INFINITE_RECURSION = YES;
				CLANG_WARN_INT_CONVERSION = YES;
				CLANG_WARN_NON_LITERAL_NULL_CONVERSION = YES;
				CLANG_WARN_OBJC_IMPLICIT_RETAIN_SELF = YES;
				CLANG_WARN_OBJC_LITERAL_CONVERSION = YES;
				CLANG_WARN_OBJC_ROOT_CLASS = YES_ERROR;
				CLANG_WARN_RANGE_LOOP_ANALYSIS = YES;
				CLANG_WARN_STRICT_PROTOTYPES = YES;
				CLANG_WARN_SUSPICIOUS_MOVE = YES;
				CLANG_WARN_UNGUARDED_AVAILABILITY = YES_AGGRESSIVE;
				CLANG_WARN_UNREACHABLE_CODE = YES;
				CLANG_WARN__DUPLICATE_METHOD_MATCH = YES;
				CODE_SIGN_IDENTITY = "iPhone Developer";
				COPY_PHASE_STRIP = NO;
				DEBUG_INFORMATION_FORMAT = dwarf;
				ENABLE_STRICT_OBJC_MSGSEND = YES;
				ENABLE_TESTABILITY = YES;
				GCC_C_LANGUAGE_STANDARD = gnu11;
				GCC_DYNAMIC_NO_PIC = NO;
				GCC_NO_COMMON_BLOCKS = YES;
				GCC_OPTIMIZATION_LEVEL = 0;
				GCC_PREPROCESSOR_DEFINITIONS = (
					"DEBUG=1",
					"$(inherited)",
				);
				GCC_WARN_64_TO_32_BIT_CONVERSION = YES;
				GCC_WARN_ABOUT_RETURN_TYPE = YES_ERROR;
				GCC_WARN_UNDECLARED_SELECTOR = YES;
				GCC_WARN_UNINITIALIZED_AUTOS = YES_AGGRESSIVE;
				GCC_WARN_UNUSED_FUNCTION = YES;
				GCC_WARN_UNUSED_VARIABLE = YES;
				IPHONEOS_DEPLOYMENT_TARGET = 12.0;
				MTL_ENABLE_DEBUG_INFO = INCLUDE_SOURCE;
				MTL_FAST_MATH = YES;
				ONLY_ACTIVE_ARCH = YES;
				SDKROOT = iphoneos;
				SWIFT_ACTIVE_COMPILATION_CONDITIONS = DEBUG;
				SWIFT_OPTIMIZATION_LEVEL = "-Onone";
			};
			name = Debug;
		};
		B88ECEC321865C20007999DC /* Release */ = {
			isa = XCBuildConfiguration;
			buildSettings = {
				ALWAYS_SEARCH_USER_PATHS = NO;
				CLANG_ANALYZER_NONNULL = YES;
				CLANG_ANALYZER_NUMBER_OBJECT_CONVERSION = YES_AGGRESSIVE;
				CLANG_CXX_LANGUAGE_STANDARD = "gnu++14";
				CLANG_CXX_LIBRARY = "libc++";
				CLANG_ENABLE_MODULES = YES;
				CLANG_ENABLE_OBJC_ARC = YES;
				CLANG_ENABLE_OBJC_WEAK = YES;
				CLANG_WARN_BLOCK_CAPTURE_AUTORELEASING = YES;
				CLANG_WARN_BOOL_CONVERSION = YES;
				CLANG_WARN_COMMA = YES;
				CLANG_WARN_CONSTANT_CONVERSION = YES;
				CLANG_WARN_DEPRECATED_OBJC_IMPLEMENTATIONS = YES;
				CLANG_WARN_DIRECT_OBJC_ISA_USAGE = YES_ERROR;
				CLANG_WARN_DOCUMENTATION_COMMENTS = YES;
				CLANG_WARN_EMPTY_BODY = YES;
				CLANG_WARN_ENUM_CONVERSION = YES;
				CLANG_WARN_INFINITE_RECURSION = YES;
				CLANG_WARN_INT_CONVERSION = YES;
				CLANG_WARN_NON_LITERAL_NULL_CONVERSION = YES;
				CLANG_WARN_OBJC_IMPLICIT_RETAIN_SELF = YES;
				CLANG_WARN_OBJC_LITERAL_CONVERSION = YES;
				CLANG_WARN_OBJC_ROOT_CLASS = YES_ERROR;
				CLANG_WARN_RANGE_LOOP_ANALYSIS = YES;
				CLANG_WARN_STRICT_PROTOTYPES = YES;
				CLANG_WARN_SUSPICIOUS_MOVE = YES;
				CLANG_WARN_UNGUARDED_AVAILABILITY = YES_AGGRESSIVE;
				CLANG_WARN_UNREACHABLE_CODE = YES;
				CLANG_WARN__DUPLICATE_METHOD_MATCH = YES;
				CODE_SIGN_IDENTITY = "iPhone Developer";
				COPY_PHASE_STRIP = NO;
				DEBUG_INFORMATION_FORMAT = "dwarf-with-dsym";
				ENABLE_NS_ASSERTIONS = NO;
				ENABLE_STRICT_OBJC_MSGSEND = YES;
				GCC_C_LANGUAGE_STANDARD = gnu11;
				GCC_NO_COMMON_BLOCKS = YES;
				GCC_WARN_64_TO_32_BIT_CONVERSION = YES;
				GCC_WARN_ABOUT_RETURN_TYPE = YES_ERROR;
				GCC_WARN_UNDECLARED_SELECTOR = YES;
				GCC_WARN_UNINITIALIZED_AUTOS = YES_AGGRESSIVE;
				GCC_WARN_UNUSED_FUNCTION = YES;
				GCC_WARN_UNUSED_VARIABLE = YES;
				IPHONEOS_DEPLOYMENT_TARGET = 12.0;
				MTL_ENABLE_DEBUG_INFO = NO;
				MTL_FAST_MATH = YES;
				SDKROOT = iphoneos;
				SWIFT_COMPILATION_MODE = wholemodule;
				SWIFT_OPTIMIZATION_LEVEL = "-O";
				VALIDATE_PRODUCT = YES;
			};
			name = Release;
		};
		B88ECEC521865C20007999DC /* Debug */ = {
			isa = XCBuildConfiguration;
			buildSettings = {
				ASSETCATALOG_COMPILER_APPICON_NAME = AppIcon;
				CODE_SIGN_STYLE = Automatic;
				DEVELOPMENT_TEAM = GQFCG2977Z;
				INFOPLIST_FILE = iQuiz/Info.plist;
				LD_RUNPATH_SEARCH_PATHS = (
					"$(inherited)",
					"@executable_path/Frameworks",
				);
				PRODUCT_BUNDLE_IDENTIFIER = trrai.iQuiz;
				PRODUCT_NAME = "$(TARGET_NAME)";
				SWIFT_VERSION = 4.2;
				TARGETED_DEVICE_FAMILY = "1,2";
			};
			name = Debug;
		};
		B88ECEC621865C20007999DC /* Release */ = {
			isa = XCBuildConfiguration;
			buildSettings = {
				ASSETCATALOG_COMPILER_APPICON_NAME = AppIcon;
				CODE_SIGN_STYLE = Automatic;
				DEVELOPMENT_TEAM = GQFCG2977Z;
				INFOPLIST_FILE = iQuiz/Info.plist;
				LD_RUNPATH_SEARCH_PATHS = (
					"$(inherited)",
					"@executable_path/Frameworks",
				);
				PRODUCT_BUNDLE_IDENTIFIER = trrai.iQuiz;
				PRODUCT_NAME = "$(TARGET_NAME)";
				SWIFT_VERSION = 4.2;
				TARGETED_DEVICE_FAMILY = "1,2";
			};
			name = Release;
		};
		B88ECEC821865C20007999DC /* Debug */ = {
			isa = XCBuildConfiguration;
			buildSettings = {
				ALWAYS_EMBED_SWIFT_STANDARD_LIBRARIES = YES;
				BUNDLE_LOADER = "$(TEST_HOST)";
				CODE_SIGN_STYLE = Automatic;
				DEVELOPMENT_TEAM = GQFCG2977Z;
				INFOPLIST_FILE = iQuizTests/Info.plist;
				LD_RUNPATH_SEARCH_PATHS = (
					"$(inherited)",
					"@executable_path/Frameworks",
					"@loader_path/Frameworks",
				);
				PRODUCT_BUNDLE_IDENTIFIER = trrai.iQuizTests;
				PRODUCT_NAME = "$(TARGET_NAME)";
				SWIFT_VERSION = 4.2;
				TARGETED_DEVICE_FAMILY = "1,2";
				TEST_HOST = "$(BUILT_PRODUCTS_DIR)/iQuiz.app/iQuiz";
			};
			name = Debug;
		};
		B88ECEC921865C20007999DC /* Release */ = {
			isa = XCBuildConfiguration;
			buildSettings = {
				ALWAYS_EMBED_SWIFT_STANDARD_LIBRARIES = YES;
				BUNDLE_LOADER = "$(TEST_HOST)";
				CODE_SIGN_STYLE = Automatic;
				DEVELOPMENT_TEAM = GQFCG2977Z;
				INFOPLIST_FILE = iQuizTests/Info.plist;
				LD_RUNPATH_SEARCH_PATHS = (
					"$(inherited)",
					"@executable_path/Frameworks",
					"@loader_path/Frameworks",
				);
				PRODUCT_BUNDLE_IDENTIFIER = trrai.iQuizTests;
				PRODUCT_NAME = "$(TARGET_NAME)";
				SWIFT_VERSION = 4.2;
				TARGETED_DEVICE_FAMILY = "1,2";
				TEST_HOST = "$(BUILT_PRODUCTS_DIR)/iQuiz.app/iQuiz";
			};
			name = Release;
		};
		B88ECECB21865C20007999DC /* Debug */ = {
			isa = XCBuildConfiguration;
			buildSettings = {
				ALWAYS_EMBED_SWIFT_STANDARD_LIBRARIES = YES;
				CODE_SIGN_STYLE = Automatic;
				DEVELOPMENT_TEAM = GQFCG2977Z;
				INFOPLIST_FILE = iQuizUITests/Info.plist;
				LD_RUNPATH_SEARCH_PATHS = (
					"$(inherited)",
					"@executable_path/Frameworks",
					"@loader_path/Frameworks",
				);
				PRODUCT_BUNDLE_IDENTIFIER = trrai.iQuizUITests;
				PRODUCT_NAME = "$(TARGET_NAME)";
				SWIFT_VERSION = 4.2;
				TARGETED_DEVICE_FAMILY = "1,2";
				TEST_TARGET_NAME = iQuiz;
			};
			name = Debug;
		};
		B88ECECC21865C20007999DC /* Release */ = {
			isa = XCBuildConfiguration;
			buildSettings = {
				ALWAYS_EMBED_SWIFT_STANDARD_LIBRARIES = YES;
				CODE_SIGN_STYLE = Automatic;
				DEVELOPMENT_TEAM = GQFCG2977Z;
				INFOPLIST_FILE = iQuizUITests/Info.plist;
				LD_RUNPATH_SEARCH_PATHS = (
					"$(inherited)",
					"@executable_path/Frameworks",
					"@loader_path/Frameworks",
				);
				PRODUCT_BUNDLE_IDENTIFIER = trrai.iQuizUITests;
				PRODUCT_NAME = "$(TARGET_NAME)";
				SWIFT_VERSION = 4.2;
				TARGETED_DEVICE_FAMILY = "1,2";
				TEST_TARGET_NAME = iQuiz;
			};
			name = Release;
		};
/* End XCBuildConfiguration section */

/* Begin XCConfigurationList section */
		B88ECE9721865C1F007999DC /* Build configuration list for PBXProject "iQuiz" */ = {
			isa = XCConfigurationList;
			buildConfigurations = (
				B88ECEC221865C20007999DC /* Debug */,
				B88ECEC321865C20007999DC /* Release */,
			);
			defaultConfigurationIsVisible = 0;
			defaultConfigurationName = Release;
		};
		B88ECEC421865C20007999DC /* Build configuration list for PBXNativeTarget "iQuiz" */ = {
			isa = XCConfigurationList;
			buildConfigurations = (
				B88ECEC521865C20007999DC /* Debug */,
				B88ECEC621865C20007999DC /* Release */,
			);
			defaultConfigurationIsVisible = 0;
			defaultConfigurationName = Release;
		};
		B88ECEC721865C20007999DC /* Build configuration list for PBXNativeTarget "iQuizTests" */ = {
			isa = XCConfigurationList;
			buildConfigurations = (
				B88ECEC821865C20007999DC /* Debug */,
				B88ECEC921865C20007999DC /* Release */,
			);
			defaultConfigurationIsVisible = 0;
			defaultConfigurationName = Release;
		};
		B88ECECA21865C20007999DC /* Build configuration list for PBXNativeTarget "iQuizUITests" */ = {
			isa = XCConfigurationList;
			buildConfigurations = (
				B88ECECB21865C20007999DC /* Debug */,
				B88ECECC21865C20007999DC /* Release */,
			);
			defaultConfigurationIsVisible = 0;
			defaultConfigurationName = Release;
		};
/* End XCConfigurationList section */
	};
	rootObject = B88ECE9421865C1F007999DC /* Project object */;
}
